
Microsoft Visual Studio Solution File, Format Version 12.00
# Visual Studio Version 17
VisualStudioVersion = 17.0.32014.148
MinimumVisualStudioVersion = 10.0.40219.1
Project("{9A19103F-16F7-4668-BE54-9A1E7A4F7556}") = "Basic", "src\Basic\Basic.csproj", "{AEC1FB58-961D-495F-B5BC-1D9A7AF726AB}"
EndProject
Project("{9A19103F-16F7-4668-BE54-9A1E7A4F7556}") = "IdentityExample", "src\IdentityExample\IdentityExample.csproj", "{E137A9DF-7A90-456A-B7C1-446D7129F7E9}"
EndProject
Project("{FAE04EC0-301F-11D3-BF4B-00C04F79EFBC}") = "ConsoleApp1", "ConsoleApp1\ConsoleApp1.csproj", "{788587FF-E046-4A69-ABFE-330267ACB293}"
EndProject
Global
	GlobalSection(SolutionConfigurationPlatforms) = preSolution
		Debug|Any CPU = Debug|Any CPU
		Release|Any CPU = Release|Any CPU
	EndGlobalSection
	GlobalSection(ProjectConfigurationPlatforms) = postSolution
		{AEC1FB58-961D-495F-B5BC-1D9A7AF726AB}.Debug|Any CPU.ActiveCfg = Debug|Any CPU
		{AEC1FB58-961D-495F-B5BC-1D9A7AF726AB}.Debug|Any CPU.Build.0 = Debug|Any CPU
		{AEC1FB58-961D-495F-B5BC-1D9A7AF726AB}.Release|Any CPU.ActiveCfg = Release|Any CPU
		{AEC1FB58-961D-495F-B5BC-1D9A7AF726AB}.Release|Any CPU.Build.0 = Release|Any CPU
		{E137A9DF-7A90-456A-B7C1-446D7129F7E9}.Debug|Any CPU.ActiveCfg = Debug|Any CPU
		{E137A9DF-7A90-456A-B7C1-446D7129F7E9}.Debug|Any CPU.Build.0 = Debug|Any CPU
		{E137A9DF-7A90-456A-B7C1-446D7129F7E9}.Release|Any CPU.ActiveCfg = Release|Any CPU
		{E137A9DF-7A90-456A-B7C1-446D7129F7E9}.Release|Any CPU.Build.0 = Release|Any CPU
		{788587FF-E046-4A69-ABFE-330267ACB293}.Debug|Any CPU.ActiveCfg = Debug|Any CPU
		{788587FF-E046-4A69-ABFE-330267ACB293}.Debug|Any CPU.Build.0 = Debug|Any CPU
		{788587FF-E046-4A69-ABFE-330267ACB293}.Release|Any CPU.ActiveCfg = Release|Any CPU
		{788587FF-E046-4A69-ABFE-330267ACB293}.Release|Any CPU.Build.0 = Release|Any CPU
	EndGlobalSection
	GlobalSection(SolutionProperties) = preSolution
		HideSolutionNode = FALSE
	EndGlobalSection
	GlobalSection(ExtensibilityGlobals) = postSolution
		SolutionGuid = {82E78C67-913C-454A-8B76-0CDD4292FBAD}
	EndGlobalSection
EndGlobal
